{
  "requires": true,
  "lockfileVersion": 1,
  "dependencies": {
    "axios": {
      "version": "0.15.3",
      "resolved": "https://registry.npmjs.org/axios/-/axios-0.15.3.tgz",
      "integrity": "sha1-LJ1jiy4ZGgjqHWzJiOrda6W9wFM=",
      "dev": true
    },
    "bootstrap": {
      "version": "3.3.7",
      "resolved": "https://registry.npmjs.org/bootstrap/-/bootstrap-3.3.7.tgz",
      "integrity": "sha1-WjiTlFSfIzMIdaOxUGVldPip63E=",
      "dev": true
    },
    "bootstrap-sass": {
      "version": "3.3.7",
      "resolved": "https://registry.npmjs.org/bootstrap-sass/-/bootstrap-sass-3.3.7.tgz",
      "integrity": "sha1-ZZbHq0D2Y3OTMjqwvIDQZPxjBJg=",
      "dev": true
    },
    "bootstrap-social": {
      "version": "5.1.1",
      "resolved": "https://registry.npmjs.org/bootstrap-social/-/bootstrap-social-5.1.1.tgz",
      "integrity": "sha1-dTDGeK31bPj60/qCwp1NPl0CdQE=",
      "dev": true
    },
    "cross-env": {
      "version": "3.2.4",
      "resolved": "https://registry.npmjs.org/cross-env/-/cross-env-3.2.4.tgz",
      "integrity": "sha1-ngWF8neGTtQhznVvgamA/w1piro=",
      "dev": true
    },
    "dotenv": {
      "version": "4.0.0",
      "resolved": "https://registry.npmjs.org/dotenv/-/dotenv-4.0.0.tgz",
      "integrity": "sha1-hk7xN5rO1Vzm+V3r7NzhefegzR0=",
      "dev": true
    },
    "font-awesome": {
      "version": "4.7.0",
      "resolved": "https://registry.npmjs.org/font-awesome/-/font-awesome-4.7.0.tgz",
      "integrity": "sha1-j6jPBBGhoxr9B7BtKQK7n8gVoTM=",
      "dev": true
    },
    "jquery": {
      "version": "3.4.0",
      "resolved": "https://registry.npmjs.org/jquery/-/jquery-3.4.0.tgz",
      "integrity": "sha512-ggRCXln9zEqv6OqAGXFEcshF5dSBvCkzj6Gm2gzuR5fWawaX8t7cxKVkkygKODrDAzKdoYw3l/e3pm3vlT4IbQ==",
      "dev": true
    },
    "laravel-mix": {
      "version": "0.12.1",
      "resolved": "https://registry.npmjs.org/laravel-mix/-/laravel-mix-0.12.1.tgz",
      "integrity": "sha1-K0pbEjzkvJFn7qSUYbdWeuKSFQM=",
      "dev": true
    },
    "lodash": {
      "version": "4.17.4",
      "resolved": "https://registry.npmjs.org/lodash/-/lodash-4.17.4.tgz",
      "integrity": "sha1-eCA6TRwyiuHYbcpkYONptX9AVa4=",
      "dev": true
    },
    "material-modal": {
      "version": "0.1.2",
      "resolved": "https://registry.npmjs.org/material-modal/-/material-modal-0.1.2.tgz",
      "integrity": "sha1-UnhnLOgD42VrW15234dPOEVgcqc=",
      "dev": true
    },
    "nightmare": {
      "version": "2.10.0",
      "resolved": "https://registry.npmjs.org/nightmare/-/nightmare-2.10.0.tgz",
      "integrity": "sha1-6cXVkLspb1loX9SCGML7rER2eyE=",
      "dev": true,
      "dependencies": {
        "jsesc": {
          "version": "0.5.0",
          "resolved": "https://registry.npmjs.org/jsesc/-/jsesc-0.5.0.tgz",
          "integrity": "sha1-597mbjXW/Bb3EP6R1c9p9w8IkR0="
        }
      }
    },
    "otpauth": {
      "version": "2.2.4",
      "resolved": "https://registry.npmjs.org/otpauth/-/otpauth-2.2.4.tgz",
      "integrity": "sha512-39KT707CHt6/b08Vl8rcIvfC95sVDpOyNm2zu8PC//3bnJtdyqaNlDfo6v+Q2gigi+0nIi2K+j2E3tEYvIk+dQ==",
      "dev": true
    },
    "select2": {
      "version": "4.0.3",
      "resolved": "https://registry.npmjs.org/select2/-/select2-4.0.3.tgz",
      "integrity": "sha1-IHcz/pHqy5yxoT8SRjQB9HJEng8=",
      "dev": true
    },
    "url-query": {
      "version": "2.0.0",
      "resolved": "https://registry.npmjs.org/url-query/-/url-query-2.0.0.tgz",
      "integrity": "sha1-sYEjKm/H3v6I0so37jrdKS6kXo8=",
      "dev": true
    }
  }
}
